// !$*UTF8*$!
{
	archiveVersion = 1;
	classes = {
	};
	objectVersion = 52;
	objects = {

/* Begin PBXBuildFile section */
		1113F94E26CA623E00855F37 /* Apollo in Frameworks */ = {isa = PBXBuildFile; productRef = 1113F94D26CA623E00855F37 /* Apollo */; };
		1113F95026CA63DB00855F37 /* Network.swift in Sources */ = {isa = PBXBuildFile; fileRef = 1113F94F26CA63DB00855F37 /* Network.swift */; };
		1113F95226CA64D800855F37 /* API.swift in Sources */ = {isa = PBXBuildFile; fileRef = 1113F95126CA64D800855F37 /* API.swift */; };
		1113F95426CA657C00855F37 /* ProductListPageView.swift in Sources */ = {isa = PBXBuildFile; fileRef = 1113F95326CA657C00855F37 /* ProductListPageView.swift */; };
		1152031526A66A7500555FBE /* ContentView.swift in Sources */ = {isa = PBXBuildFile; fileRef = 1152031426A66A7500555FBE /* ContentView.swift */; };
		11A47030269404B000E9C8AD /* ProcessInfo+Extension.swift in Sources */ = {isa = PBXBuildFile; fileRef = 11A4702F269404B000E9C8AD /* ProcessInfo+Extension.swift */; };
		11FD9C632692A79600BBCD33 /* MiniMartApp.swift in Sources */ = {isa = PBXBuildFile; fileRef = 11FD9C622692A79600BBCD33 /* MiniMartApp.swift */; };
		11FD9C672692A79700BBCD33 /* Assets.xcassets in Resources */ = {isa = PBXBuildFile; fileRef = 11FD9C662692A79700BBCD33 /* Assets.xcassets */; };
		11FD9C6A2692A79700BBCD33 /* Preview Assets.xcassets in Resources */ = {isa = PBXBuildFile; fileRef = 11FD9C692692A79700BBCD33 /* Preview Assets.xcassets */; };
		11FD9C752692A79700BBCD33 /* MiniMartTests.swift in Sources */ = {isa = PBXBuildFile; fileRef = 11FD9C742692A79700BBCD33 /* MiniMartTests.swift */; };
		11FD9C802692A79700BBCD33 /* MiniMartUITests.swift in Sources */ = {isa = PBXBuildFile; fileRef = 11FD9C7F2692A79700BBCD33 /* MiniMartUITests.swift */; };
		11FD9CA62692B3A700BBCD33 /* UserDefaults+Codable.swift in Sources */ = {isa = PBXBuildFile; fileRef = 11FD9CA52692B3A700BBCD33 /* UserDefaults+Codable.swift */; };
		11FD9CB72692C4BE00BBCD33 /* RemoteImage.swift in Sources */ = {isa = PBXBuildFile; fileRef = 11FD9CB62692C4BE00BBCD33 /* RemoteImage.swift */; };
/* End PBXBuildFile section */

/* Begin PBXContainerItemProxy section */
		11FD9C712692A79700BBCD33 /* PBXContainerItemProxy */ = {
			isa = PBXContainerItemProxy;
			containerPortal = 11FD9C572692A79600BBCD33 /* Project object */;
			proxyType = 1;
			remoteGlobalIDString = 11FD9C5E2692A79600BBCD33;
			remoteInfo = MiniMart;
		};
		11FD9C7C2692A79700BBCD33 /* PBXContainerItemProxy */ = {
			isa = PBXContainerItemProxy;
			containerPortal = 11FD9C572692A79600BBCD33 /* Project object */;
			proxyType = 1;
			remoteGlobalIDString = 11FD9C5E2692A79600BBCD33;
			remoteInfo = MiniMart;
		};
/* End PBXContainerItemProxy section */

/* Begin PBXFileReference section */
		1113F94F26CA63DB00855F37 /* Network.swift */ = {isa = PBXFileReference; lastKnownFileType = sourcecode.swift; path = Network.swift; sourceTree = "<group>"; };
		1113F95126CA64D800855F37 /* API.swift */ = {isa = PBXFileReference; fileEncoding = 4; lastKnownFileType = sourcecode.swift; path = API.swift; sourceTree = "<group>"; };
		1113F95326CA657C00855F37 /* ProductListPageView.swift */ = {isa = PBXFileReference; lastKnownFileType = sourcecode.swift; path = ProductListPageView.swift; sourceTree = "<group>"; };
		1152031426A66A7500555FBE /* ContentView.swift */ = {isa = PBXFileReference; lastKnownFileType = sourcecode.swift; path = ContentView.swift; sourceTree = "<group>"; };
		11A4702F269404B000E9C8AD /* ProcessInfo+Extension.swift */ = {isa = PBXFileReference; lastKnownFileType = sourcecode.swift; path = "ProcessInfo+Extension.swift"; sourceTree = "<group>"; };
		11FD9C5F2692A79600BBCD33 /* MiniMart.app */ = {isa = PBXFileReference; explicitFileType = wrapper.application; includeInIndex = 0; path = MiniMart.app; sourceTree = BUILT_PRODUCTS_DIR; };
		11FD9C622692A79600BBCD33 /* MiniMartApp.swift */ = {isa = PBXFileReference; lastKnownFileType = sourcecode.swift; path = MiniMartApp.swift; sourceTree = "<group>"; };
		11FD9C662692A79700BBCD33 /* Assets.xcassets */ = {isa = PBXFileReference; lastKnownFileType = folder.assetcatalog; path = Assets.xcassets; sourceTree = "<group>"; };
		11FD9C692692A79700BBCD33 /* Preview Assets.xcassets */ = {isa = PBXFileReference; lastKnownFileType = folder.assetcatalog; path = "Preview Assets.xcassets"; sourceTree = "<group>"; };
		11FD9C6B2692A79700BBCD33 /* Info.plist */ = {isa = PBXFileReference; lastKnownFileType = text.plist.xml; path = Info.plist; sourceTree = "<group>"; };
		11FD9C702692A79700BBCD33 /* MiniMartTests.xctest */ = {isa = PBXFileReference; explicitFileType = wrapper.cfbundle; includeInIndex = 0; path = MiniMartTests.xctest; sourceTree = BUILT_PRODUCTS_DIR; };
		11FD9C742692A79700BBCD33 /* MiniMartTests.swift */ = {isa = PBXFileReference; lastKnownFileType = sourcecode.swift; path = MiniMartTests.swift; sourceTree = "<group>"; };
		11FD9C762692A79700BBCD33 /* Info.plist */ = {isa = PBXFileReference; lastKnownFileType = text.plist.xml; path = Info.plist; sourceTree = "<group>"; };
		11FD9C7B2692A79700BBCD33 /* MiniMartUITests.xctest */ = {isa = PBXFileReference; explicitFileType = wrapper.cfbundle; includeInIndex = 0; path = MiniMartUITests.xctest; sourceTree = BUILT_PRODUCTS_DIR; };
		11FD9C7F2692A79700BBCD33 /* MiniMartUITests.swift */ = {isa = PBXFileReference; lastKnownFileType = sourcecode.swift; path = MiniMartUITests.swift; sourceTree = "<group>"; };
		11FD9C812692A79700BBCD33 /* Info.plist */ = {isa = PBXFileReference; lastKnownFileType = text.plist.xml; path = Info.plist; sourceTree = "<group>"; };
		11FD9CA52692B3A700BBCD33 /* UserDefaults+Codable.swift */ = {isa = PBXFileReference; lastKnownFileType = sourcecode.swift; path = "UserDefaults+Codable.swift"; sourceTree = "<group>"; };
		11FD9CB62692C4BE00BBCD33 /* RemoteImage.swift */ = {isa = PBXFileReference; lastKnownFileType = sourcecode.swift; path = RemoteImage.swift; sourceTree = "<group>"; };
		8AEC041E26B26823000E997E /* Tutorial.playground */ = {isa = PBXFileReference; lastKnownFileType = file.playground; path = Tutorial.playground; sourceTree = "<group>"; };
/* End PBXFileReference section */

/* Begin PBXFrameworksBuildPhase section */
		11FD9C5C2692A79600BBCD33 /* Frameworks */ = {
			isa = PBXFrameworksBuildPhase;
			buildActionMask = 2147483647;
			files = (
				1113F94E26CA623E00855F37 /* Apollo in Frameworks */,
			);
			runOnlyForDeploymentPostprocessing = 0;
		};
		11FD9C6D2692A79700BBCD33 /* Frameworks */ = {
			isa = PBXFrameworksBuildPhase;
			buildActionMask = 2147483647;
			files = (
			);
			runOnlyForDeploymentPostprocessing = 0;
		};
		11FD9C782692A79700BBCD33 /* Frameworks */ = {
			isa = PBXFrameworksBuildPhase;
			buildActionMask = 2147483647;
			files = (
			);
			runOnlyForDeploymentPostprocessing = 0;
		};
/* End PBXFrameworksBuildPhase section */

/* Begin PBXGroup section */
		11D5A39C26A71CED005BD9C0 /* Application */ = {
			isa = PBXGroup;
			children = (
				11D5A39D26A71CF3005BD9C0 /* Views */,
			);
			path = Application;
			sourceTree = "<group>";
		};
		11D5A39D26A71CF3005BD9C0 /* Views */ = {
			isa = PBXGroup;
			children = (
				1113F95326CA657C00855F37 /* ProductListPageView.swift */,
			);
			path = Views;
			sourceTree = "<group>";
		};
		11D5A39E26A71CF9005BD9C0 /* Models */ = {
			isa = PBXGroup;
			children = (
			);
			path = Models;
			sourceTree = "<group>";
		};
		11D5A39F26A71D00005BD9C0 /* DataSources */ = {
			isa = PBXGroup;
			children = (
				1113F95126CA64D800855F37 /* API.swift */,
				1113F94F26CA63DB00855F37 /* Network.swift */,
			);
			path = DataSources;
			sourceTree = "<group>";
		};
		11FD9C562692A79600BBCD33 = {
			isa = PBXGroup;
			children = (
				8AEC041E26B26823000E997E /* Tutorial.playground */,
				11FD9C612692A79600BBCD33 /* MiniMart */,
				11FD9C732692A79700BBCD33 /* MiniMartTests */,
				11FD9C7E2692A79700BBCD33 /* MiniMartUITests */,
				11FD9C602692A79600BBCD33 /* Products */,
			);
			sourceTree = "<group>";
		};
		11FD9C602692A79600BBCD33 /* Products */ = {
			isa = PBXGroup;
			children = (
				11FD9C5F2692A79600BBCD33 /* MiniMart.app */,
				11FD9C702692A79700BBCD33 /* MiniMartTests.xctest */,
				11FD9C7B2692A79700BBCD33 /* MiniMartUITests.xctest */,
			);
			name = Products;
			sourceTree = "<group>";
		};
		11FD9C612692A79600BBCD33 /* MiniMart */ = {
			isa = PBXGroup;
			children = (
				11FD9CA32692B37500BBCD33 /* Library */,
				11D5A39F26A71D00005BD9C0 /* DataSources */,
				11D5A39E26A71CF9005BD9C0 /* Models */,
				11D5A39C26A71CED005BD9C0 /* Application */,
				11FD9C622692A79600BBCD33 /* MiniMartApp.swift */,
				1152031426A66A7500555FBE /* ContentView.swift */,
				11FD9C662692A79700BBCD33 /* Assets.xcassets */,
				11FD9C6B2692A79700BBCD33 /* Info.plist */,
				11FD9C682692A79700BBCD33 /* Preview Content */,
			);
			path = MiniMart;
			sourceTree = "<group>";
		};
		11FD9C682692A79700BBCD33 /* Preview Content */ = {
			isa = PBXGroup;
			children = (
				11FD9C692692A79700BBCD33 /* Preview Assets.xcassets */,
			);
			path = "Preview Content";
			sourceTree = "<group>";
		};
		11FD9C732692A79700BBCD33 /* MiniMartTests */ = {
			isa = PBXGroup;
			children = (
				11FD9C742692A79700BBCD33 /* MiniMartTests.swift */,
				11FD9C762692A79700BBCD33 /* Info.plist */,
			);
			path = MiniMartTests;
			sourceTree = "<group>";
		};
		11FD9C7E2692A79700BBCD33 /* MiniMartUITests */ = {
			isa = PBXGroup;
			children = (
				11FD9C7F2692A79700BBCD33 /* MiniMartUITests.swift */,
				11FD9C812692A79700BBCD33 /* Info.plist */,
			);
			path = MiniMartUITests;
			sourceTree = "<group>";
		};
		11FD9CA32692B37500BBCD33 /* Library */ = {
			isa = PBXGroup;
			children = (
				11FD9CA52692B3A700BBCD33 /* UserDefaults+Codable.swift */,
				11FD9CB62692C4BE00BBCD33 /* RemoteImage.swift */,
				11A4702F269404B000E9C8AD /* ProcessInfo+Extension.swift */,
			);
			path = Library;
			sourceTree = "<group>";
		};
/* End PBXGroup section */

/* Begin PBXNativeTarget section */
		11FD9C5E2692A79600BBCD33 /* MiniMart */ = {
			isa = PBXNativeTarget;
			buildConfigurationList = 11FD9C842692A79700BBCD33 /* Build configuration list for PBXNativeTarget "MiniMart" */;
			buildPhases = (
				11FD9C5B2692A79600BBCD33 /* Sources */,
				11FD9C5C2692A79600BBCD33 /* Frameworks */,
				11FD9C5D2692A79600BBCD33 /* Resources */,
			);
			buildRules = (
			);
			dependencies = (
			);
			name = MiniMart;
			packageProductDependencies = (
				1113F94D26CA623E00855F37 /* Apollo */,
			);
			productName = MiniMart;
			productReference = 11FD9C5F2692A79600BBCD33 /* MiniMart.app */;
			productType = "com.apple.product-type.application";
		};
		11FD9C6F2692A79700BBCD33 /* MiniMartTests */ = {
			isa = PBXNativeTarget;
			buildConfigurationList = 11FD9C872692A79700BBCD33 /* Build configuration list for PBXNativeTarget "MiniMartTests" */;
			buildPhases = (
				11FD9C6C2692A79700BBCD33 /* Sources */,
				11FD9C6D2692A79700BBCD33 /* Frameworks */,
				11FD9C6E2692A79700BBCD33 /* Resources */,
			);
			buildRules = (
			);
			dependencies = (
				11FD9C722692A79700BBCD33 /* PBXTargetDependency */,
			);
			name = MiniMartTests;
			productName = MiniMartTests;
			productReference = 11FD9C702692A79700BBCD33 /* MiniMartTests.xctest */;
			productType = "com.apple.product-type.bundle.unit-test";
		};
		11FD9C7A2692A79700BBCD33 /* MiniMartUITests */ = {
			isa = PBXNativeTarget;
			buildConfigurationList = 11FD9C8A2692A79700BBCD33 /* Build configuration list for PBXNativeTarget "MiniMartUITests" */;
			buildPhases = (
				11FD9C772692A79700BBCD33 /* Sources */,
				11FD9C782692A79700BBCD33 /* Frameworks */,
				11FD9C792692A79700BBCD33 /* Resources */,
			);
			buildRules = (
			);
			dependencies = (
				11FD9C7D2692A79700BBCD33 /* PBXTargetDependency */,
			);
			name = MiniMartUITests;
			productName = MiniMartUITests;
			productReference = 11FD9C7B2692A79700BBCD33 /* MiniMartUITests.xctest */;
			productType = "com.apple.product-type.bundle.ui-testing";
		};
/* End PBXNativeTarget section */

/* Begin PBXProject section */
		11FD9C572692A79600BBCD33 /* Project object */ = {
			isa = PBXProject;
			attributes = {
				LastSwiftUpdateCheck = 1250;
				LastUpgradeCheck = 1250;
				TargetAttributes = {
					11FD9C5E2692A79600BBCD33 = {
						CreatedOnToolsVersion = 12.5;
					};
					11FD9C6F2692A79700BBCD33 = {
						CreatedOnToolsVersion = 12.5;
						TestTargetID = 11FD9C5E2692A79600BBCD33;
					};
					11FD9C7A2692A79700BBCD33 = {
						CreatedOnToolsVersion = 12.5;
						TestTargetID = 11FD9C5E2692A79600BBCD33;
					};
				};
			};
			buildConfigurationList = 11FD9C5A2692A79600BBCD33 /* Build configuration list for PBXProject "MiniMart" */;
			compatibilityVersion = "Xcode 9.3";
			developmentRegion = en;
			hasScannedForEncodings = 0;
			knownRegions = (
				en,
				Base,
			);
			mainGroup = 11FD9C562692A79600BBCD33;
			packageReferences = (
				1113F94C26CA623E00855F37 /* XCRemoteSwiftPackageReference "apollo-ios" */,
			);
			productRefGroup = 11FD9C602692A79600BBCD33 /* Products */;
			projectDirPath = "";
			projectRoot = "";
			targets = (
				11FD9C5E2692A79600BBCD33 /* MiniMart */,
				11FD9C6F2692A79700BBCD33 /* MiniMartTests */,
				11FD9C7A2692A79700BBCD33 /* MiniMartUITests */,
			);
		};
/* End PBXProject section */

/* Begin PBXResourcesBuildPhase section */
		11FD9C5D2692A79600BBCD33 /* Resources */ = {
			isa = PBXResourcesBuildPhase;
			buildActionMask = 2147483647;
			files = (
				11FD9C6A2692A79700BBCD33 /* Preview Assets.xcassets in Resources */,
				11FD9C672692A79700BBCD33 /* Assets.xcassets in Resources */,
			);
			runOnlyForDeploymentPostprocessing = 0;
		};
		11FD9C6E2692A79700BBCD33 /* Resources */ = {
			isa = PBXResourcesBuildPhase;
			buildActionMask = 2147483647;
			files = (
			);
			runOnlyForDeploymentPostprocessing = 0;
		};
		11FD9C792692A79700BBCD33 /* Resources */ = {
			isa = PBXResourcesBuildPhase;
			buildActionMask = 2147483647;
			files = (
			);
			runOnlyForDeploymentPostprocessing = 0;
		};
/* End PBXResourcesBuildPhase section */

/* Begin PBXSourcesBuildPhase section */
		11FD9C5B2692A79600BBCD33 /* Sources */ = {
			isa = PBXSourcesBuildPhase;
			buildActionMask = 2147483647;
			files = (
				11FD9CA62692B3A700BBCD33 /* UserDefaults+Codable.swift in Sources */,
				1152031526A66A7500555FBE /* ContentView.swift in Sources */,
				1113F95426CA657C00855F37 /* ProductListPageView.swift in Sources */,
				1113F95026CA63DB00855F37 /* Network.swift in Sources */,
				11FD9CB72692C4BE00BBCD33 /* RemoteImage.swift in Sources */,
				11A47030269404B000E9C8AD /* ProcessInfo+Extension.swift in Sources */,
				11FD9C632692A79600BBCD33 /* MiniMartApp.swift in Sources */,
				1113F95226CA64D800855F37 /* API.swift in Sources */,
			);
			runOnlyForDeploymentPostprocessing = 0;
		};
		11FD9C6C2692A79700BBCD33 /* Sources */ = {
			isa = PBXSourcesBuildPhase;
			buildActionMask = 2147483647;
			files = (
				11FD9C752692A79700BBCD33 /* MiniMartTests.swift in Sources */,
			);
			runOnlyForDeploymentPostprocessing = 0;
		};
		11FD9C772692A79700BBCD33 /* Sources */ = {
			isa = PBXSourcesBuildPhase;
			buildActionMask = 2147483647;
			files = (
				11FD9C802692A79700BBCD33 /* MiniMartUITests.swift in Sources */,
			);
			runOnlyForDeploymentPostprocessing = 0;
		};
/* End PBXSourcesBuildPhase section */

/* Begin PBXTargetDependency section */
		11FD9C722692A79700BBCD33 /* PBXTargetDependency */ = {
			isa = PBXTargetDependency;
			target = 11FD9C5E2692A79600BBCD33 /* MiniMart */;
			targetProxy = 11FD9C712692A79700BBCD33 /* PBXContainerItemProxy */;
		};
		11FD9C7D2692A79700BBCD33 /* PBXTargetDependency */ = {
			isa = PBXTargetDependency;
			target = 11FD9C5E2692A79600BBCD33 /* MiniMart */;
			targetProxy = 11FD9C7C2692A79700BBCD33 /* PBXContainerItemProxy */;
		};
/* End PBXTargetDependency section */

/* Begin XCBuildConfiguration section */
		11FD9C822692A79700BBCD33 /* Debug */ = {
			isa = XCBuildConfiguration;
			buildSettings = {
				ALWAYS_SEARCH_USER_PATHS = NO;
				CLANG_ANALYZER_NONNULL = YES;
				CLANG_ANALYZER_NUMBER_OBJECT_CONVERSION = YES_AGGRESSIVE;
				CLANG_CXX_LANGUAGE_STANDARD = "gnu++14";
				CLANG_CXX_LIBRARY = "libc++";
				CLANG_ENABLE_MODULES = YES;
				CLANG_ENABLE_OBJC_ARC = YES;
				CLANG_ENABLE_OBJC_WEAK = YES;
				CLANG_WARN_BLOCK_CAPTURE_AUTORELEASING = YES;
				CLANG_WARN_BOOL_CONVERSION = YES;
				CLANG_WARN_COMMA = YES;
				CLANG_WARN_CONSTANT_CONVERSION = YES;
				CLANG_WARN_DEPRECATED_OBJC_IMPLEMENTATIONS = YES;
				CLANG_WARN_DIRECT_OBJC_ISA_USAGE = YES_ERROR;
				CLANG_WARN_DOCUMENTATION_COMMENTS = YES;
				CLANG_WARN_EMPTY_BODY = YES;
				CLANG_WARN_ENUM_CONVERSION = YES;
				CLANG_WARN_INFINITE_RECURSION = YES;
				CLANG_WARN_INT_CONVERSION = YES;
				CLANG_WARN_NON_LITERAL_NULL_CONVERSION = YES;
				CLANG_WARN_OBJC_IMPLICIT_RETAIN_SELF = YES;
				CLANG_WARN_OBJC_LITERAL_CONVERSION = YES;
				CLANG_WARN_OBJC_ROOT_CLASS = YES_ERROR;
				CLANG_WARN_QUOTED_INCLUDE_IN_FRAMEWORK_HEADER = YES;
				CLANG_WARN_RANGE_LOOP_ANALYSIS = YES;
				CLANG_WARN_STRICT_PROTOTYPES = YES;
				CLANG_WARN_SUSPICIOUS_MOVE = YES;
				CLANG_WARN_UNGUARDED_AVAILABILITY = YES_AGGRESSIVE;
				CLANG_WARN_UNREACHABLE_CODE = YES;
				CLANG_WARN__DUPLICATE_METHOD_MATCH = YES;
				COPY_PHASE_STRIP = NO;
				DEBUG_INFORMATION_FORMAT = dwarf;
				ENABLE_STRICT_OBJC_MSGSEND = YES;
				ENABLE_TESTABILITY = YES;
				GCC_C_LANGUAGE_STANDARD = gnu11;
				GCC_DYNAMIC_NO_PIC = NO;
				GCC_NO_COMMON_BLOCKS = YES;
				GCC_OPTIMIZATION_LEVEL = 0;
				GCC_PREPROCESSOR_DEFINITIONS = (
					"DEBUG=1",
					"$(inherited)",
				);
				GCC_WARN_64_TO_32_BIT_CONVERSION = YES;
				GCC_WARN_ABOUT_RETURN_TYPE = YES_ERROR;
				GCC_WARN_UNDECLARED_SELECTOR = YES;
				GCC_WARN_UNINITIALIZED_AUTOS = YES_AGGRESSIVE;
				GCC_WARN_UNUSED_FUNCTION = YES;
				GCC_WARN_UNUSED_VARIABLE = YES;
				IPHONEOS_DEPLOYMENT_TARGET = 14.5;
				MTL_ENABLE_DEBUG_INFO = INCLUDE_SOURCE;
				MTL_FAST_MATH = YES;
				ONLY_ACTIVE_ARCH = YES;
				SDKROOT = iphoneos;
				SWIFT_ACTIVE_COMPILATION_CONDITIONS = DEBUG;
				SWIFT_OPTIMIZATION_LEVEL = "-Onone";
			};
			name = Debug;
		};
		11FD9C832692A79700BBCD33 /* Release */ = {
			isa = XCBuildConfiguration;
			buildSettings = {
				ALWAYS_SEARCH_USER_PATHS = NO;
				CLANG_ANALYZER_NONNULL = YES;
				CLANG_ANALYZER_NUMBER_OBJECT_CONVERSION = YES_AGGRESSIVE;
				CLANG_CXX_LANGUAGE_STANDARD = "gnu++14";
				CLANG_CXX_LIBRARY = "libc++";
				CLANG_ENABLE_MODULES = YES;
				CLANG_ENABLE_OBJC_ARC = YES;
				CLANG_ENABLE_OBJC_WEAK = YES;
				CLANG_WARN_BLOCK_CAPTURE_AUTORELEASING = YES;
				CLANG_WARN_BOOL_CONVERSION = YES;
				CLANG_WARN_COMMA = YES;
				CLANG_WARN_CONSTANT_CONVERSION = YES;
				CLANG_WARN_DEPRECATED_OBJC_IMPLEMENTATIONS = YES;
				CLANG_WARN_DIRECT_OBJC_ISA_USAGE = YES_ERROR;
				CLANG_WARN_DOCUMENTATION_COMMENTS = YES;
				CLANG_WARN_EMPTY_BODY = YES;
				CLANG_WARN_ENUM_CONVERSION = YES;
				CLANG_WARN_INFINITE_RECURSION = YES;
				CLANG_WARN_INT_CONVERSION = YES;
				CLANG_WARN_NON_LITERAL_NULL_CONVERSION = YES;
				CLANG_WARN_OBJC_IMPLICIT_RETAIN_SELF = YES;
				CLANG_WARN_OBJC_LITERAL_CONVERSION = YES;
				CLANG_WARN_OBJC_ROOT_CLASS = YES_ERROR;
				CLANG_WARN_QUOTED_INCLUDE_IN_FRAMEWORK_HEADER = YES;
				CLANG_WARN_RANGE_LOOP_ANALYSIS = YES;
				CLANG_WARN_STRICT_PROTOTYPES = YES;
				CLANG_WARN_SUSPICIOUS_MOVE = YES;
				CLANG_WARN_UNGUARDED_AVAILABILITY = YES_AGGRESSIVE;
				CLANG_WARN_UNREACHABLE_CODE = YES;
				CLANG_WARN__DUPLICATE_METHOD_MATCH = YES;
				COPY_PHASE_STRIP = NO;
				DEBUG_INFORMATION_FORMAT = "dwarf-with-dsym";
				ENABLE_NS_ASSERTIONS = NO;
				ENABLE_STRICT_OBJC_MSGSEND = YES;
				GCC_C_LANGUAGE_STANDARD = gnu11;
				GCC_NO_COMMON_BLOCKS = YES;
				GCC_WARN_64_TO_32_BIT_CONVERSION = YES;
				GCC_WARN_ABOUT_RETURN_TYPE = YES_ERROR;
				GCC_WARN_UNDECLARED_SELECTOR = YES;
				GCC_WARN_UNINITIALIZED_AUTOS = YES_AGGRESSIVE;
				GCC_WARN_UNUSED_FUNCTION = YES;
				GCC_WARN_UNUSED_VARIABLE = YES;
				IPHONEOS_DEPLOYMENT_TARGET = 14.5;
				MTL_ENABLE_DEBUG_INFO = NO;
				MTL_FAST_MATH = YES;
				SDKROOT = iphoneos;
				SWIFT_COMPILATION_MODE = wholemodule;
				SWIFT_OPTIMIZATION_LEVEL = "-O";
				VALIDATE_PRODUCT = YES;
			};
			name = Release;
		};
		11FD9C852692A79700BBCD33 /* Debug */ = {
			isa = XCBuildConfiguration;
			buildSettings = {
				ASSETCATALOG_COMPILER_APPICON_NAME = AppIcon;
				ASSETCATALOG_COMPILER_GLOBAL_ACCENT_COLOR_NAME = AccentColor;
				CODE_SIGN_STYLE = Automatic;
				DEVELOPMENT_ASSET_PATHS = "\"MiniMart/Preview Content\"";
				DEVELOPMENT_TEAM = DE65TWVP2D;
				ENABLE_PREVIEWS = YES;
				INFOPLIST_FILE = MiniMart/Info.plist;
				IPHONEOS_DEPLOYMENT_TARGET = 14.0;
				LD_RUNPATH_SEARCH_PATHS = (
					"$(inherited)",
					"@executable_path/Frameworks",
				);
				PRODUCT_BUNDLE_IDENTIFIER = com.cookpad.MiniMart;
				PRODUCT_NAME = "$(TARGET_NAME)";
				SWIFT_VERSION = 5.0;
				TARGETED_DEVICE_FAMILY = "1,2";
			};
			name = Debug;
		};
		11FD9C862692A79700BBCD33 /* Release */ = {
			isa = XCBuildConfiguration;
			buildSettings = {
				ASSETCATALOG_COMPILER_APPICON_NAME = AppIcon;
				ASSETCATALOG_COMPILER_GLOBAL_ACCENT_COLOR_NAME = AccentColor;
				CODE_SIGN_STYLE = Automatic;
				DEVELOPMENT_ASSET_PATHS = "\"MiniMart/Preview Content\"";
				DEVELOPMENT_TEAM = DE65TWVP2D;
				ENABLE_PREVIEWS = YES;
				INFOPLIST_FILE = MiniMart/Info.plist;
				IPHONEOS_DEPLOYMENT_TARGET = 14.0;
				LD_RUNPATH_SEARCH_PATHS = (
					"$(inherited)",
					"@executable_path/Frameworks",
				);
				PRODUCT_BUNDLE_IDENTIFIER = com.cookpad.MiniMart;
				PRODUCT_NAME = "$(TARGET_NAME)";
				SWIFT_VERSION = 5.0;
				TARGETED_DEVICE_FAMILY = "1,2";
			};
			name = Release;
		};
		11FD9C882692A79700BBCD33 /* Debug */ = {
			isa = XCBuildConfiguration;
			buildSettings = {
				ALWAYS_EMBED_SWIFT_STANDARD_LIBRARIES = YES;
				BUNDLE_LOADER = "$(TEST_HOST)";
				CODE_SIGN_STYLE = Automatic;
				DEVELOPMENT_TEAM = DE65TWVP2D;
				INFOPLIST_FILE = MiniMartTests/Info.plist;
				IPHONEOS_DEPLOYMENT_TARGET = 14.0;
				LD_RUNPATH_SEARCH_PATHS = (
					"$(inherited)",
					"@executable_path/Frameworks",
					"@loader_path/Frameworks",
				);
				PRODUCT_BUNDLE_IDENTIFIER = com.cookpad.MiniMartTests;
				PRODUCT_NAME = "$(TARGET_NAME)";
				SWIFT_VERSION = 5.0;
				TARGETED_DEVICE_FAMILY = "1,2";
				TEST_HOST = "$(BUILT_PRODUCTS_DIR)/MiniMart.app/MiniMart";
			};
			name = Debug;
		};
		11FD9C892692A79700BBCD33 /* Release */ = {
			isa = XCBuildConfiguration;
			buildSettings = {
				ALWAYS_EMBED_SWIFT_STANDARD_LIBRARIES = YES;
				BUNDLE_LOADER = "$(TEST_HOST)";
				CODE_SIGN_STYLE = Automatic;
				DEVELOPMENT_TEAM = DE65TWVP2D;
				INFOPLIST_FILE = MiniMartTests/Info.plist;
				IPHONEOS_DEPLOYMENT_TARGET = 14.0;
				LD_RUNPATH_SEARCH_PATHS = (
					"$(inherited)",
					"@executable_path/Frameworks",
					"@loader_path/Frameworks",
				);
				PRODUCT_BUNDLE_IDENTIFIER = com.cookpad.MiniMartTests;
				PRODUCT_NAME = "$(TARGET_NAME)";
				SWIFT_VERSION = 5.0;
				TARGETED_DEVICE_FAMILY = "1,2";
				TEST_HOST = "$(BUILT_PRODUCTS_DIR)/MiniMart.app/MiniMart";
			};
			name = Release;
		};
		11FD9C8B2692A79700BBCD33 /* Debug */ = {
			isa = XCBuildConfiguration;
			buildSettings = {
				ALWAYS_EMBED_SWIFT_STANDARD_LIBRARIES = YES;
				CODE_SIGN_STYLE = Automatic;
				DEVELOPMENT_TEAM = DE65TWVP2D;
				INFOPLIST_FILE = MiniMartUITests/Info.plist;
				LD_RUNPATH_SEARCH_PATHS = (
					"$(inherited)",
					"@executable_path/Frameworks",
					"@loader_path/Frameworks",
				);
				PRODUCT_BUNDLE_IDENTIFIER = com.cookpad.MiniMartUITests;
				PRODUCT_NAME = "$(TARGET_NAME)";
				SWIFT_VERSION = 5.0;
				TARGETED_DEVICE_FAMILY = "1,2";
				TEST_TARGET_NAME = MiniMart;
			};
			name = Debug;
		};
		11FD9C8C2692A79700BBCD33 /* Release */ = {
			isa = XCBuildConfiguration;
			buildSettings = {
				ALWAYS_EMBED_SWIFT_STANDARD_LIBRARIES = YES;
				CODE_SIGN_STYLE = Automatic;
				DEVELOPMENT_TEAM = DE65TWVP2D;
				INFOPLIST_FILE = MiniMartUITests/Info.plist;
				LD_RUNPATH_SEARCH_PATHS = (
					"$(inherited)",
					"@executable_path/Frameworks",
					"@loader_path/Frameworks",
				);
				PRODUCT_BUNDLE_IDENTIFIER = com.cookpad.MiniMartUITests;
				PRODUCT_NAME = "$(TARGET_NAME)";
				SWIFT_VERSION = 5.0;
				TARGETED_DEVICE_FAMILY = "1,2";
				TEST_TARGET_NAME = MiniMart;
			};
			name = Release;
		};
/* End XCBuildConfiguration section */

/* Begin XCConfigurationList section */
		11FD9C5A2692A79600BBCD33 /* Build configuration list for PBXProject "MiniMart" */ = {
			isa = XCConfigurationList;
			buildConfigurations = (
				11FD9C822692A79700BBCD33 /* Debug */,
				11FD9C832692A79700BBCD33 /* Release */,
			);
			defaultConfigurationIsVisible = 0;
			defaultConfigurationName = Release;
		};
		11FD9C842692A79700BBCD33 /* Build configuration list for PBXNativeTarget "MiniMart" */ = {
			isa = XCConfigurationList;
			buildConfigurations = (
				11FD9C852692A79700BBCD33 /* Debug */,
				11FD9C862692A79700BBCD33 /* Release */,
			);
			defaultConfigurationIsVisible = 0;
			defaultConfigurationName = Release;
		};
		11FD9C872692A79700BBCD33 /* Build configuration list for PBXNativeTarget "MiniMartTests" */ = {
			isa = XCConfigurationList;
			buildConfigurations = (
				11FD9C882692A79700BBCD33 /* Debug */,
				11FD9C892692A79700BBCD33 /* Release */,
			);
			defaultConfigurationIsVisible = 0;
			defaultConfigurationName = Release;
		};
		11FD9C8A2692A79700BBCD33 /* Build configuration list for PBXNativeTarget "MiniMartUITests" */ = {
			isa = XCConfigurationList;
			buildConfigurations = (
				11FD9C8B2692A79700BBCD33 /* Debug */,
				11FD9C8C2692A79700BBCD33 /* Release */,
			);
			defaultConfigurationIsVisible = 0;
			defaultConfigurationName = Release;
		};
/* End XCConfigurationList section */

/* Begin XCRemoteSwiftPackageReference section */
		1113F94C26CA623E00855F37 /* XCRemoteSwiftPackageReference "apollo-ios" */ = {
			isa = XCRemoteSwiftPackageReference;
			repositoryURL = "https://github.com/apollographql/apollo-ios.git";
			requirement = {
				kind = upToNextMajorVersion;
				minimumVersion = 0.46.0;
			};
		};
/* End XCRemoteSwiftPackageReference section */

/* Begin XCSwiftPackageProductDependency section */
		1113F94D26CA623E00855F37 /* Apollo */ = {
			isa = XCSwiftPackageProductDependency;
			package = 1113F94C26CA623E00855F37 /* XCRemoteSwiftPackageReference "apollo-ios" */;
			productName = Apollo;
		};
/* End XCSwiftPackageProductDependency section */
	};
	rootObject = 11FD9C572692A79600BBCD33 /* Project object */;
}
